// !$*UTF8*$!
{
	archiveVersion = 1;
	classes = {
	};
	objectVersion = 55;
	objects = {

/* Begin PBXBuildFile section */
		1D1CCED02751D61A00737E52 /* PollenData.swift in Sources */ = {isa = PBXBuildFile; fileRef = 1D1CCECF2751D61A00737E52 /* PollenData.swift */; };
		1D1CCED22751D70700737E52 /* PollenManager.swift in Sources */ = {isa = PBXBuildFile; fileRef = 1D1CCED12751D70700737E52 /* PollenManager.swift */; };
		1D1CCED42751D7FA00737E52 /* PollenModel.swift in Sources */ = {isa = PBXBuildFile; fileRef = 1D1CCED32751D7FA00737E52 /* PollenModel.swift */; };
		1D1D1957274DC7910004BCB1 /* SplashViewController.swift in Sources */ = {isa = PBXBuildFile; fileRef = 1D1D1956274DC7900004BCB1 /* SplashViewController.swift */; };
		1D1D1959274DEF3F0004BCB1 /* MapViewController.swift in Sources */ = {isa = PBXBuildFile; fileRef = 1D1D1958274DEF3F0004BCB1 /* MapViewController.swift */; };
		1D1D195F2750CA800004BCB1 /* WeatherViewController.swift in Sources */ = {isa = PBXBuildFile; fileRef = 1D1D195E2750CA800004BCB1 /* WeatherViewController.swift */; };
		1D1D19612750CD450004BCB1 /* WeatherManager.swift in Sources */ = {isa = PBXBuildFile; fileRef = 1D1D19602750CD450004BCB1 /* WeatherManager.swift */; };
		1D1D19632750CD9A0004BCB1 /* WeatherData.swift in Sources */ = {isa = PBXBuildFile; fileRef = 1D1D19622750CD9A0004BCB1 /* WeatherData.swift */; };
		1D1D19652750CDD70004BCB1 /* WeatherModel.swift in Sources */ = {isa = PBXBuildFile; fileRef = 1D1D19642750CDD70004BCB1 /* WeatherModel.swift */; };
		1D2300ED2744353900F03931 /* AppDelegate.swift in Sources */ = {isa = PBXBuildFile; fileRef = 1D2300EC2744353900F03931 /* AppDelegate.swift */; };
		1D2300EF2744353A00F03931 /* SceneDelegate.swift in Sources */ = {isa = PBXBuildFile; fileRef = 1D2300EE2744353A00F03931 /* SceneDelegate.swift */; };
		1D2300F12744353A00F03931 /* QuestionsViewController.swift in Sources */ = {isa = PBXBuildFile; fileRef = 1D2300F02744353A00F03931 /* QuestionsViewController.swift */; };
		1D2300F42744353A00F03931 /* Main.storyboard in Resources */ = {isa = PBXBuildFile; fileRef = 1D2300F22744353A00F03931 /* Main.storyboard */; };
		1D2300F62744353D00F03931 /* Assets.xcassets in Resources */ = {isa = PBXBuildFile; fileRef = 1D2300F52744353D00F03931 /* Assets.xcassets */; };
		1D2300F92744353D00F03931 /* LaunchScreen.storyboard in Resources */ = {isa = PBXBuildFile; fileRef = 1D2300F72744353D00F03931 /* LaunchScreen.storyboard */; };
		1D7F975B27449FE700986A53 /* Question.swift in Sources */ = {isa = PBXBuildFile; fileRef = 1D7F975A27449FE700986A53 /* Question.swift */; };
		1D7F975D2744A36200986A53 /* QuestionnaireLogic.swift in Sources */ = {isa = PBXBuildFile; fileRef = 1D7F975C2744A36200986A53 /* QuestionnaireLogic.swift */; };
		1D7F975F2744DE7400986A53 /* GradientView.swift in Sources */ = {isa = PBXBuildFile; fileRef = 1D7F975E2744DE7400986A53 /* GradientView.swift */; };
		1D826A32274775350035ED82 /* DiagnosisViewController.swift in Sources */ = {isa = PBXBuildFile; fileRef = 1D826A31274775350035ED82 /* DiagnosisViewController.swift */; };
		1DFBE4512748D2E100E9C938 /* RiskLevel.swift in Sources */ = {isa = PBXBuildFile; fileRef = 1DFBE4502748D2E100E9C938 /* RiskLevel.swift */; };
/* End PBXBuildFile section */

/* Begin PBXFileReference section */
		1D1CCECF2751D61A00737E52 /* PollenData.swift */ = {isa = PBXFileReference; lastKnownFileType = sourcecode.swift; path = PollenData.swift; sourceTree = "<group>"; };
		1D1CCED12751D70700737E52 /* PollenManager.swift */ = {isa = PBXFileReference; lastKnownFileType = sourcecode.swift; path = PollenManager.swift; sourceTree = "<group>"; };
		1D1CCED32751D7FA00737E52 /* PollenModel.swift */ = {isa = PBXFileReference; lastKnownFileType = sourcecode.swift; path = PollenModel.swift; sourceTree = "<group>"; };
		1D1D1956274DC7900004BCB1 /* SplashViewController.swift */ = {isa = PBXFileReference; lastKnownFileType = sourcecode.swift; path = SplashViewController.swift; sourceTree = "<group>"; };
		1D1D1958274DEF3F0004BCB1 /* MapViewController.swift */ = {isa = PBXFileReference; lastKnownFileType = sourcecode.swift; path = MapViewController.swift; sourceTree = "<group>"; };
		1D1D195E2750CA800004BCB1 /* WeatherViewController.swift */ = {isa = PBXFileReference; lastKnownFileType = sourcecode.swift; path = WeatherViewController.swift; sourceTree = "<group>"; };
		1D1D19602750CD450004BCB1 /* WeatherManager.swift */ = {isa = PBXFileReference; lastKnownFileType = sourcecode.swift; path = WeatherManager.swift; sourceTree = "<group>"; };
		1D1D19622750CD9A0004BCB1 /* WeatherData.swift */ = {isa = PBXFileReference; lastKnownFileType = sourcecode.swift; path = WeatherData.swift; sourceTree = "<group>"; };
		1D1D19642750CDD70004BCB1 /* WeatherModel.swift */ = {isa = PBXFileReference; lastKnownFileType = sourcecode.swift; path = WeatherModel.swift; sourceTree = "<group>"; };
		1D2300E92744353900F03931 /* Covid-19_Questionnaire.app */ = {isa = PBXFileReference; explicitFileType = wrapper.application; includeInIndex = 0; path = "Covid-19_Questionnaire.app"; sourceTree = BUILT_PRODUCTS_DIR; };
		1D2300EC2744353900F03931 /* AppDelegate.swift */ = {isa = PBXFileReference; lastKnownFileType = sourcecode.swift; path = AppDelegate.swift; sourceTree = "<group>"; };
		1D2300EE2744353A00F03931 /* SceneDelegate.swift */ = {isa = PBXFileReference; lastKnownFileType = sourcecode.swift; path = SceneDelegate.swift; sourceTree = "<group>"; };
		1D2300F02744353A00F03931 /* QuestionsViewController.swift */ = {isa = PBXFileReference; lastKnownFileType = sourcecode.swift; path = QuestionsViewController.swift; sourceTree = "<group>"; };
		1D2300F32744353A00F03931 /* Base */ = {isa = PBXFileReference; lastKnownFileType = file.storyboard; name = Base; path = Base.lproj/Main.storyboard; sourceTree = "<group>"; };
		1D2300F52744353D00F03931 /* Assets.xcassets */ = {isa = PBXFileReference; lastKnownFileType = folder.assetcatalog; path = Assets.xcassets; sourceTree = "<group>"; };
		1D2300F82744353D00F03931 /* Base */ = {isa = PBXFileReference; lastKnownFileType = file.storyboard; name = Base; path = Base.lproj/LaunchScreen.storyboard; sourceTree = "<group>"; };
		1D2300FA2744353D00F03931 /* Info.plist */ = {isa = PBXFileReference; lastKnownFileType = text.plist.xml; path = Info.plist; sourceTree = "<group>"; };
		1D7F975A27449FE700986A53 /* Question.swift */ = {isa = PBXFileReference; lastKnownFileType = sourcecode.swift; path = Question.swift; sourceTree = "<group>"; };
		1D7F975C2744A36200986A53 /* QuestionnaireLogic.swift */ = {isa = PBXFileReference; lastKnownFileType = sourcecode.swift; path = QuestionnaireLogic.swift; sourceTree = "<group>"; };
		1D7F975E2744DE7400986A53 /* GradientView.swift */ = {isa = PBXFileReference; lastKnownFileType = sourcecode.swift; path = GradientView.swift; sourceTree = "<group>"; };
		1D826A31274775350035ED82 /* DiagnosisViewController.swift */ = {isa = PBXFileReference; lastKnownFileType = sourcecode.swift; path = DiagnosisViewController.swift; sourceTree = "<group>"; };
		1DFBE4502748D2E100E9C938 /* RiskLevel.swift */ = {isa = PBXFileReference; lastKnownFileType = sourcecode.swift; path = RiskLevel.swift; sourceTree = "<group>"; };
/* End PBXFileReference section */

/* Begin PBXFrameworksBuildPhase section */
		1D2300E62744353900F03931 /* Frameworks */ = {
			isa = PBXFrameworksBuildPhase;
			buildActionMask = 2147483647;
			files = (
			);
			runOnlyForDeploymentPostprocessing = 0;
		};
/* End PBXFrameworksBuildPhase section */

/* Begin PBXGroup section */
		1D1CCECC2751747800737E52 /* Questionnaire */ = {
			isa = PBXGroup;
			children = (
				1D7F975A27449FE700986A53 /* Question.swift */,
				1D7F975C2744A36200986A53 /* QuestionnaireLogic.swift */,
				1DFBE4502748D2E100E9C938 /* RiskLevel.swift */,
			);
			path = Questionnaire;
			sourceTree = "<group>";
		};
		1D1CCECD2751850A00737E52 /* Weather */ = {
			isa = PBXGroup;
			children = (
				1D1D19622750CD9A0004BCB1 /* WeatherData.swift */,
				1D1D19602750CD450004BCB1 /* WeatherManager.swift */,
				1D1D19642750CDD70004BCB1 /* WeatherModel.swift */,
			);
			path = Weather;
			sourceTree = "<group>";
		};
		1D1CCECE2751B58500737E52 /* Pollen */ = {
			isa = PBXGroup;
			children = (
				1D1CCECF2751D61A00737E52 /* PollenData.swift */,
				1D1CCED12751D70700737E52 /* PollenManager.swift */,
				1D1CCED32751D7FA00737E52 /* PollenModel.swift */,
			);
			path = Pollen;
			sourceTree = "<group>";
		};
		1D2300E02744353900F03931 = {
			isa = PBXGroup;
			children = (
				1D2300EB2744353900F03931 /* Covid-19_Questionnaire */,
				1D2300EA2744353900F03931 /* Products */,
			);
			sourceTree = "<group>";
		};
		1D2300EA2744353900F03931 /* Products */ = {
			isa = PBXGroup;
			children = (
				1D2300E92744353900F03931 /* Covid-19_Questionnaire.app */,
			);
			name = Products;
			sourceTree = "<group>";
		};
		1D2300EB2744353900F03931 /* Covid-19_Questionnaire */ = {
			isa = PBXGroup;
			children = (
				1D2300EC2744353900F03931 /* AppDelegate.swift */,
				1D2300EE2744353A00F03931 /* SceneDelegate.swift */,
				1D2301002744370900F03931 /* Model */,
				1D2301022744372B00F03931 /* Controller */,
				1D2301012744371A00F03931 /* View */,
				1D2300F52744353D00F03931 /* Assets.xcassets */,
				1D2300FA2744353D00F03931 /* Info.plist */,
			);
			path = "Covid-19_Questionnaire";
			sourceTree = "<group>";
		};
		1D2301002744370900F03931 /* Model */ = {
			isa = PBXGroup;
			children = (
				1D1CCECE2751B58500737E52 /* Pollen */,
				1D1CCECD2751850A00737E52 /* Weather */,
				1D1CCECC2751747800737E52 /* Questionnaire */,
			);
			path = Model;
			sourceTree = "<group>";
		};
		1D2301012744371A00F03931 /* View */ = {
			isa = PBXGroup;
			children = (
				1D2300F72744353D00F03931 /* LaunchScreen.storyboard */,
				1D2300F22744353A00F03931 /* Main.storyboard */,
				1D7F975E2744DE7400986A53 /* GradientView.swift */,
			);
			path = View;
			sourceTree = "<group>";
		};
		1D2301022744372B00F03931 /* Controller */ = {
			isa = PBXGroup;
			children = (
				1D826A31274775350035ED82 /* DiagnosisViewController.swift */,
				1D1D1958274DEF3F0004BCB1 /* MapViewController.swift */,
				1D2300F02744353A00F03931 /* QuestionsViewController.swift */,
				1D1D1956274DC7900004BCB1 /* SplashViewController.swift */,
				1D1D195E2750CA800004BCB1 /* WeatherViewController.swift */,
			);
			path = Controller;
			sourceTree = "<group>";
		};
/* End PBXGroup section */

/* Begin PBXNativeTarget section */
		1D2300E82744353900F03931 /* Covid-19_Questionnaire */ = {
			isa = PBXNativeTarget;
			buildConfigurationList = 1D2300FD2744353D00F03931 /* Build configuration list for PBXNativeTarget "Covid-19_Questionnaire" */;
			buildPhases = (
				1D2300E52744353900F03931 /* Sources */,
				1D2300E62744353900F03931 /* Frameworks */,
				1D2300E72744353900F03931 /* Resources */,
			);
			buildRules = (
			);
			dependencies = (
			);
			name = "Covid-19_Questionnaire";
			productName = "Covid-19_Questionnaire";
			productReference = 1D2300E92744353900F03931 /* Covid-19_Questionnaire.app */;
			productType = "com.apple.product-type.application";
		};
/* End PBXNativeTarget section */

/* Begin PBXProject section */
		1D2300E12744353900F03931 /* Project object */ = {
			isa = PBXProject;
			attributes = {
				BuildIndependentTargetsInParallel = 1;
				LastSwiftUpdateCheck = 1310;
				LastUpgradeCheck = 1310;
				TargetAttributes = {
					1D2300E82744353900F03931 = {
						CreatedOnToolsVersion = 13.1;
					};
				};
			};
			buildConfigurationList = 1D2300E42744353900F03931 /* Build configuration list for PBXProject "Covid-19_Questionnaire" */;
			compatibilityVersion = "Xcode 13.0";
			developmentRegion = en;
			hasScannedForEncodings = 0;
			knownRegions = (
				en,
				Base,
			);
			mainGroup = 1D2300E02744353900F03931;
			productRefGroup = 1D2300EA2744353900F03931 /* Products */;
			projectDirPath = "";
			projectRoot = "";
			targets = (
				1D2300E82744353900F03931 /* Covid-19_Questionnaire */,
			);
		};
/* End PBXProject section */

/* Begin PBXResourcesBuildPhase section */
		1D2300E72744353900F03931 /* Resources */ = {
			isa = PBXResourcesBuildPhase;
			buildActionMask = 2147483647;
			files = (
				1D2300F92744353D00F03931 /* LaunchScreen.storyboard in Resources */,
				1D2300F62744353D00F03931 /* Assets.xcassets in Resources */,
				1D2300F42744353A00F03931 /* Main.storyboard in Resources */,
			);
			runOnlyForDeploymentPostprocessing = 0;
		};
/* End PBXResourcesBuildPhase section */

/* Begin PBXSourcesBuildPhase section */
		1D2300E52744353900F03931 /* Sources */ = {
			isa = PBXSourcesBuildPhase;
			buildActionMask = 2147483647;
			files = (
				1D2300F12744353A00F03931 /* QuestionsViewController.swift in Sources */,
				1D826A32274775350035ED82 /* DiagnosisViewController.swift in Sources */,
				1D7F975B27449FE700986A53 /* Question.swift in Sources */,
				1D1CCED22751D70700737E52 /* PollenManager.swift in Sources */,
				1D1D1959274DEF3F0004BCB1 /* MapViewController.swift in Sources */,
				1D1D1957274DC7910004BCB1 /* SplashViewController.swift in Sources */,
				1DFBE4512748D2E100E9C938 /* RiskLevel.swift in Sources */,
				1D1D19612750CD450004BCB1 /* WeatherManager.swift in Sources */,
				1D7F975F2744DE7400986A53 /* GradientView.swift in Sources */,
				1D7F975D2744A36200986A53 /* QuestionnaireLogic.swift in Sources */,
				1D2300ED2744353900F03931 /* AppDelegate.swift in Sources */,
				1D1CCED42751D7FA00737E52 /* PollenModel.swift in Sources */,
				1D1D19652750CDD70004BCB1 /* WeatherModel.swift in Sources */,
				1D2300EF2744353A00F03931 /* SceneDelegate.swift in Sources */,
				1D1D195F2750CA800004BCB1 /* WeatherViewController.swift in Sources */,
				1D1D19632750CD9A0004BCB1 /* WeatherData.swift in Sources */,
				1D1CCED02751D61A00737E52 /* PollenData.swift in Sources */,
			);
			runOnlyForDeploymentPostprocessing = 0;
		};
/* End PBXSourcesBuildPhase section */

/* Begin PBXVariantGroup section */
		1D2300F22744353A00F03931 /* Main.storyboard */ = {
			isa = PBXVariantGroup;
			children = (
				1D2300F32744353A00F03931 /* Base */,
			);
			name = Main.storyboard;
			sourceTree = "<group>";
		};
		1D2300F72744353D00F03931 /* LaunchScreen.storyboard */ = {
			isa = PBXVariantGroup;
			children = (
				1D2300F82744353D00F03931 /* Base */,
			);
			name = LaunchScreen.storyboard;
			sourceTree = "<group>";
		};
/* End PBXVariantGroup section */

/* Begin XCBuildConfiguration section */
		1D2300FB2744353D00F03931 /* Debug */ = {
			isa = XCBuildConfiguration;
			buildSettings = {
				ALWAYS_SEARCH_USER_PATHS = NO;
				CLANG_ANALYZER_NONNULL = YES;
				CLANG_ANALYZER_NUMBER_OBJECT_CONVERSION = YES_AGGRESSIVE;
				CLANG_CXX_LANGUAGE_STANDARD = "gnu++17";
				CLANG_CXX_LIBRARY = "libc++";
				CLANG_ENABLE_MODULES = YES;
				CLANG_ENABLE_OBJC_ARC = YES;
				CLANG_ENABLE_OBJC_WEAK = YES;
				CLANG_WARN_BLOCK_CAPTURE_AUTORELEASING = YES;
				CLANG_WARN_BOOL_CONVERSION = YES;
				CLANG_WARN_COMMA = YES;
				CLANG_WARN_CONSTANT_CONVERSION = YES;
				CLANG_WARN_DEPRECATED_OBJC_IMPLEMENTATIONS = YES;
				CLANG_WARN_DIRECT_OBJC_ISA_USAGE = YES_ERROR;
				CLANG_WARN_DOCUMENTATION_COMMENTS = YES;
				CLANG_WARN_EMPTY_BODY = YES;
				CLANG_WARN_ENUM_CONVERSION = YES;
				CLANG_WARN_INFINITE_RECURSION = YES;
				CLANG_WARN_INT_CONVERSION = YES;
				CLANG_WARN_NON_LITERAL_NULL_CONVERSION = YES;
				CLANG_WARN_OBJC_IMPLICIT_RETAIN_SELF = YES;
				CLANG_WARN_OBJC_LITERAL_CONVERSION = YES;
				CLANG_WARN_OBJC_ROOT_CLASS = YES_ERROR;
				CLANG_WARN_QUOTED_INCLUDE_IN_FRAMEWORK_HEADER = YES;
				CLANG_WARN_RANGE_LOOP_ANALYSIS = YES;
				CLANG_WARN_STRICT_PROTOTYPES = YES;
				CLANG_WARN_SUSPICIOUS_MOVE = YES;
				CLANG_WARN_UNGUARDED_AVAILABILITY = YES_AGGRESSIVE;
				CLANG_WARN_UNREACHABLE_CODE = YES;
				CLANG_WARN__DUPLICATE_METHOD_MATCH = YES;
				COPY_PHASE_STRIP = NO;
				DEBUG_INFORMATION_FORMAT = dwarf;
				ENABLE_STRICT_OBJC_MSGSEND = YES;
				ENABLE_TESTABILITY = YES;
				GCC_C_LANGUAGE_STANDARD = gnu11;
				GCC_DYNAMIC_NO_PIC = NO;
				GCC_NO_COMMON_BLOCKS = YES;
				GCC_OPTIMIZATION_LEVEL = 0;
				GCC_PREPROCESSOR_DEFINITIONS = (
					"DEBUG=1",
					"$(inherited)",
				);
				GCC_WARN_64_TO_32_BIT_CONVERSION = YES;
				GCC_WARN_ABOUT_RETURN_TYPE = YES_ERROR;
				GCC_WARN_UNDECLARED_SELECTOR = YES;
				GCC_WARN_UNINITIALIZED_AUTOS = YES_AGGRESSIVE;
				GCC_WARN_UNUSED_FUNCTION = YES;
				GCC_WARN_UNUSED_VARIABLE = YES;
				IPHONEOS_DEPLOYMENT_TARGET = 15.0;
				MTL_ENABLE_DEBUG_INFO = INCLUDE_SOURCE;
				MTL_FAST_MATH = YES;
				ONLY_ACTIVE_ARCH = YES;
				SDKROOT = iphoneos;
				SWIFT_ACTIVE_COMPILATION_CONDITIONS = DEBUG;
				SWIFT_OPTIMIZATION_LEVEL = "-Onone";
			};
			name = Debug;
		};
		1D2300FC2744353D00F03931 /* Release */ = {
			isa = XCBuildConfiguration;
			buildSettings = {
				ALWAYS_SEARCH_USER_PATHS = NO;
				CLANG_ANALYZER_NONNULL = YES;
				CLANG_ANALYZER_NUMBER_OBJECT_CONVERSION = YES_AGGRESSIVE;
				CLANG_CXX_LANGUAGE_STANDARD = "gnu++17";
				CLANG_CXX_LIBRARY = "libc++";
				CLANG_ENABLE_MODULES = YES;
				CLANG_ENABLE_OBJC_ARC = YES;
				CLANG_ENABLE_OBJC_WEAK = YES;
				CLANG_WARN_BLOCK_CAPTURE_AUTORELEASING = YES;
				CLANG_WARN_BOOL_CONVERSION = YES;
				CLANG_WARN_COMMA = YES;
				CLANG_WARN_CONSTANT_CONVERSION = YES;
				CLANG_WARN_DEPRECATED_OBJC_IMPLEMENTATIONS = YES;
				CLANG_WARN_DIRECT_OBJC_ISA_USAGE = YES_ERROR;
				CLANG_WARN_DOCUMENTATION_COMMENTS = YES;
				CLANG_WARN_EMPTY_BODY = YES;
				CLANG_WARN_ENUM_CONVERSION = YES;
				CLANG_WARN_INFINITE_RECURSION = YES;
				CLANG_WARN_INT_CONVERSION = YES;
				CLANG_WARN_NON_LITERAL_NULL_CONVERSION = YES;
				CLANG_WARN_OBJC_IMPLICIT_RETAIN_SELF = YES;
				CLANG_WARN_OBJC_LITERAL_CONVERSION = YES;
				CLANG_WARN_OBJC_ROOT_CLASS = YES_ERROR;
				CLANG_WARN_QUOTED_INCLUDE_IN_FRAMEWORK_HEADER = YES;
				CLANG_WARN_RANGE_LOOP_ANALYSIS = YES;
				CLANG_WARN_STRICT_PROTOTYPES = YES;
				CLANG_WARN_SUSPICIOUS_MOVE = YES;
				CLANG_WARN_UNGUARDED_AVAILABILITY = YES_AGGRESSIVE;
				CLANG_WARN_UNREACHABLE_CODE = YES;
				CLANG_WARN__DUPLICATE_METHOD_MATCH = YES;
				COPY_PHASE_STRIP = NO;
				DEBUG_INFORMATION_FORMAT = "dwarf-with-dsym";
				ENABLE_NS_ASSERTIONS = NO;
				ENABLE_STRICT_OBJC_MSGSEND = YES;
				GCC_C_LANGUAGE_STANDARD = gnu11;
				GCC_NO_COMMON_BLOCKS = YES;
				GCC_WARN_64_TO_32_BIT_CONVERSION = YES;
				GCC_WARN_ABOUT_RETURN_TYPE = YES_ERROR;
				GCC_WARN_UNDECLARED_SELECTOR = YES;
				GCC_WARN_UNINITIALIZED_AUTOS = YES_AGGRESSIVE;
				GCC_WARN_UNUSED_FUNCTION = YES;
				GCC_WARN_UNUSED_VARIABLE = YES;
				IPHONEOS_DEPLOYMENT_TARGET = 15.0;
				MTL_ENABLE_DEBUG_INFO = NO;
				MTL_FAST_MATH = YES;
				SDKROOT = iphoneos;
				SWIFT_COMPILATION_MODE = wholemodule;
				SWIFT_OPTIMIZATION_LEVEL = "-O";
				VALIDATE_PRODUCT = YES;
			};
			name = Release;
		};
		1D2300FE2744353D00F03931 /* Debug */ = {
			isa = XCBuildConfiguration;
			buildSettings = {
				ASSETCATALOG_COMPILER_APPICON_NAME = AppIcon;
				ASSETCATALOG_COMPILER_GLOBAL_ACCENT_COLOR_NAME = AccentColor;
				CODE_SIGN_STYLE = Automatic;
				CURRENT_PROJECT_VERSION = 1;
				GENERATE_INFOPLIST_FILE = YES;
				INFOPLIST_FILE = "Covid-19_Questionnaire/Info.plist";
				INFOPLIST_KEY_UIApplicationSupportsIndirectInputEvents = YES;
				INFOPLIST_KEY_UILaunchStoryboardName = LaunchScreen;
				INFOPLIST_KEY_UIMainStoryboardFile = Main;
				INFOPLIST_KEY_UISupportedInterfaceOrientations = "UIInterfaceOrientationPortrait UIInterfaceOrientationPortraitUpsideDown UIInterfaceOrientationLandscapeLeft UIInterfaceOrientationLandscapeRight";
				INFOPLIST_KEY_UISupportedInterfaceOrientations_iPad = "UIInterfaceOrientationPortrait UIInterfaceOrientationPortraitUpsideDown UIInterfaceOrientationLandscapeLeft UIInterfaceOrientationLandscapeRight";
				INFOPLIST_KEY_UISupportedInterfaceOrientations_iPhone = "UIInterfaceOrientationPortrait UIInterfaceOrientationLandscapeLeft UIInterfaceOrientationLandscapeRight";
				LD_RUNPATH_SEARCH_PATHS = (
					"$(inherited)",
					"@executable_path/Frameworks",
				);
				MARKETING_VERSION = 1.0;
				PRODUCT_BUNDLE_IDENTIFIER = "com.MiguelBarajas.Covid-19-Questionnaire";
				PRODUCT_NAME = "$(TARGET_NAME)";
				SWIFT_EMIT_LOC_STRINGS = YES;
				SWIFT_VERSION = 5.0;
				TARGETED_DEVICE_FAMILY = "1,2";
			};
			name = Debug;
		};
		1D2300FF2744353D00F03931 /* Release */ = {
			isa = XCBuildConfiguration;
			buildSettings = {
				ASSETCATALOG_COMPILER_APPICON_NAME = AppIcon;
				ASSETCATALOG_COMPILER_GLOBAL_ACCENT_COLOR_NAME = AccentColor;
				CODE_SIGN_STYLE = Automatic;
				CURRENT_PROJECT_VERSION = 1;
				GENERATE_INFOPLIST_FILE = YES;
				INFOPLIST_FILE = "Covid-19_Questionnaire/Info.plist";
				INFOPLIST_KEY_UIApplicationSupportsIndirectInputEvents = YES;
				INFOPLIST_KEY_UILaunchStoryboardName = LaunchScreen;
				INFOPLIST_KEY_UIMainStoryboardFile = Main;
				INFOPLIST_KEY_UISupportedInterfaceOrientations = "UIInterfaceOrientationPortrait UIInterfaceOrientationPortraitUpsideDown UIInterfaceOrientationLandscapeLeft UIInterfaceOrientationLandscapeRight";
				INFOPLIST_KEY_UISupportedInterfaceOrientations_iPad = "UIInterfaceOrientationPortrait UIInterfaceOrientationPortraitUpsideDown UIInterfaceOrientationLandscapeLeft UIInterfaceOrientationLandscapeRight";
				INFOPLIST_KEY_UISupportedInterfaceOrientations_iPhone = "UIInterfaceOrientationPortrait UIInterfaceOrientationLandscapeLeft UIInterfaceOrientationLandscapeRight";
				LD_RUNPATH_SEARCH_PATHS = (
					"$(inherited)",
					"@executable_path/Frameworks",
				);
				MARKETING_VERSION = 1.0;
				PRODUCT_BUNDLE_IDENTIFIER = "com.MiguelBarajas.Covid-19-Questionnaire";
				PRODUCT_NAME = "$(TARGET_NAME)";
				SWIFT_EMIT_LOC_STRINGS = YES;
				SWIFT_VERSION = 5.0;
				TARGETED_DEVICE_FAMILY = "1,2";
			};
			name = Release;
		};
/* End XCBuildConfiguration section */

/* Begin XCConfigurationList section */
		1D2300E42744353900F03931 /* Build configuration list for PBXProject "Covid-19_Questionnaire" */ = {
			isa = XCConfigurationList;
			buildConfigurations = (
				1D2300FB2744353D00F03931 /* Debug */,
				1D2300FC2744353D00F03931 /* Release */,
			);
			defaultConfigurationIsVisible = 0;
			defaultConfigurationName = Release;
		};
		1D2300FD2744353D00F03931 /* Build configuration list for PBXNativeTarget "Covid-19_Questionnaire" */ = {
			isa = XCConfigurationList;
			buildConfigurations = (
				1D2300FE2744353D00F03931 /* Debug */,
				1D2300FF2744353D00F03931 /* Release */,
			);
			defaultConfigurationIsVisible = 0;
			defaultConfigurationName = Release;
		};
/* End XCConfigurationList section */
	};
	rootObject = 1D2300E12744353900F03931 /* Project object */;
}
